
Microsoft Visual Studio Solution File, Format Version 12.00
# Visual Studio Version 17
VisualStudioVersion = 17.5.33414.496
MinimumVisualStudioVersion = 10.0.40219.1
Project("{FAE04EC0-301F-11D3-BF4B-00C04F79EFBC}") = "IMS.Plugins.InMemory", "IMS.Plugins.InMemory.csproj", "{CF06D490-CBFC-4F8A-A4B1-9F8526C9CC7C}"
EndProject
Global
	GlobalSection(SolutionConfigurationPlatforms) = preSolution
		Debug|Any CPU = Debug|Any CPU
		Release|Any CPU = Release|Any CPU
	EndGlobalSection
	GlobalSection(ProjectConfigurationPlatforms) = postSolution
		{CF06D490-CBFC-4F8A-A4B1-9F8526C9CC7C}.Debug|Any CPU.ActiveCfg = Debug|Any CPU
		{CF06D490-CBFC-4F8A-A4B1-9F8526C9CC7C}.Debug|Any CPU.Build.0 = Debug|Any CPU
		{CF06D490-CBFC-4F8A-A4B1-9F8526C9CC7C}.Release|Any CPU.ActiveCfg = Release|Any CPU
		{CF06D490-CBFC-4F8A-A4B1-9F8526C9CC7C}.Release|Any CPU.Build.0 = Release|Any CPU
	EndGlobalSection
	GlobalSection(SolutionProperties) = preSolution
		HideSolutionNode = FALSE
	EndGlobalSection
	GlobalSection(ExtensibilityGlobals) = postSolution
		SolutionGuid = {86D14876-C30F-486E-B285-5C68E8F00CC7}
	EndGlobalSection
EndGlobal
